// !$*UTF8*$!
{
	archiveVersion = 1;
	classes = {
	};
	objectVersion = 50;
	objects = {

/* Begin PBXBuildFile section */
		632FFF6A2483F84B001C8B15 /* screenshot.png in Resources */ = {isa = PBXBuildFile; fileRef = 632FFF692483F84B001C8B15 /* screenshot.png */; };
		63E20ABB2483DE4800AE80A2 /* AppDelegate.swift in Sources */ = {isa = PBXBuildFile; fileRef = 63E20ABA2483DE4800AE80A2 /* AppDelegate.swift */; };
		63E20ABD2483DE4800AE80A2 /* SceneDelegate.swift in Sources */ = {isa = PBXBuildFile; fileRef = 63E20ABC2483DE4800AE80A2 /* SceneDelegate.swift */; };
		63E20ABF2483DE4800AE80A2 /* ViewController.swift in Sources */ = {isa = PBXBuildFile; fileRef = 63E20ABE2483DE4800AE80A2 /* ViewController.swift */; };
		63E20AC22483DE4800AE80A2 /* Main.storyboard in Resources */ = {isa = PBXBuildFile; fileRef = 63E20AC02483DE4800AE80A2 /* Main.storyboard */; };
		63E20AC42483DE4900AE80A2 /* Assets.xcassets in Resources */ = {isa = PBXBuildFile; fileRef = 63E20AC32483DE4900AE80A2 /* Assets.xcassets */; };
		63E20AC72483DE4900AE80A2 /* LaunchScreen.storyboard in Resources */ = {isa = PBXBuildFile; fileRef = 63E20AC52483DE4900AE80A2 /* LaunchScreen.storyboard */; };
		63E20AD22483DEFB00AE80A2 /* Whiskey.swift in Sources */ = {isa = PBXBuildFile; fileRef = 63E20AD12483DEFB00AE80A2 /* Whiskey.swift */; };
/* End PBXBuildFile section */

/* Begin PBXFileReference section */
		632FFF692483F84B001C8B15 /* screenshot.png */ = {isa = PBXFileReference; lastKnownFileType = image.png; path = screenshot.png; sourceTree = "<group>"; };
		63E20AB72483DE4800AE80A2 /* Whiskey.app */ = {isa = PBXFileReference; explicitFileType = wrapper.application; includeInIndex = 0; path = Whiskey.app; sourceTree = BUILT_PRODUCTS_DIR; };
		63E20ABA2483DE4800AE80A2 /* AppDelegate.swift */ = {isa = PBXFileReference; lastKnownFileType = sourcecode.swift; path = AppDelegate.swift; sourceTree = "<group>"; };
		63E20ABC2483DE4800AE80A2 /* SceneDelegate.swift */ = {isa = PBXFileReference; lastKnownFileType = sourcecode.swift; path = SceneDelegate.swift; sourceTree = "<group>"; };
		63E20ABE2483DE4800AE80A2 /* ViewController.swift */ = {isa = PBXFileReference; lastKnownFileType = sourcecode.swift; path = ViewController.swift; sourceTree = "<group>"; };
		63E20AC12483DE4800AE80A2 /* Base */ = {isa = PBXFileReference; lastKnownFileType = file.storyboard; name = Base; path = Base.lproj/Main.storyboard; sourceTree = "<group>"; };
		63E20AC32483DE4900AE80A2 /* Assets.xcassets */ = {isa = PBXFileReference; lastKnownFileType = folder.assetcatalog; path = Assets.xcassets; sourceTree = "<group>"; };
		63E20AC62483DE4900AE80A2 /* Base */ = {isa = PBXFileReference; lastKnownFileType = file.storyboard; name = Base; path = Base.lproj/LaunchScreen.storyboard; sourceTree = "<group>"; };
		63E20AC82483DE4900AE80A2 /* Info.plist */ = {isa = PBXFileReference; lastKnownFileType = text.plist.xml; path = Info.plist; sourceTree = "<group>"; };
		63E20AD12483DEFB00AE80A2 /* Whiskey.swift */ = {isa = PBXFileReference; lastKnownFileType = sourcecode.swift; path = Whiskey.swift; sourceTree = "<group>"; };
/* End PBXFileReference section */

/* Begin PBXFrameworksBuildPhase section */
		63E20AB42483DE4800AE80A2 /* Frameworks */ = {
			isa = PBXFrameworksBuildPhase;
			buildActionMask = 2147483647;
			files = (
			);
			runOnlyForDeploymentPostprocessing = 0;
		};
/* End PBXFrameworksBuildPhase section */

/* Begin PBXGroup section */
		632FFF682483F814001C8B15 /* image */ = {
			isa = PBXGroup;
			children = (
				632FFF692483F84B001C8B15 /* screenshot.png */,
			);
			path = image;
			sourceTree = "<group>";
		};
		63E20AAE2483DE4800AE80A2 = {
			isa = PBXGroup;
			children = (
				632FFF682483F814001C8B15 /* image */,
				63E20AB92483DE4800AE80A2 /* Whiskey */,
				63E20AB82483DE4800AE80A2 /* Products */,
			);
			sourceTree = "<group>";
		};
		63E20AB82483DE4800AE80A2 /* Products */ = {
			isa = PBXGroup;
			children = (
				63E20AB72483DE4800AE80A2 /* Whiskey.app */,
			);
			name = Products;
			sourceTree = "<group>";
		};
		63E20AB92483DE4800AE80A2 /* Whiskey */ = {
			isa = PBXGroup;
			children = (
				63E20AD02483DEDC00AE80A2 /* Model */,
				63E20ACF2483DED400AE80A2 /* View */,
				63E20ACE2483DECB00AE80A2 /* Controller */,
				63E20ABA2483DE4800AE80A2 /* AppDelegate.swift */,
				63E20ABC2483DE4800AE80A2 /* SceneDelegate.swift */,
				63E20AC32483DE4900AE80A2 /* Assets.xcassets */,
				63E20AC52483DE4900AE80A2 /* LaunchScreen.storyboard */,
				63E20AC82483DE4900AE80A2 /* Info.plist */,
			);
			path = Whiskey;
			sourceTree = "<group>";
		};
		63E20ACE2483DECB00AE80A2 /* Controller */ = {
			isa = PBXGroup;
			children = (
				63E20ABE2483DE4800AE80A2 /* ViewController.swift */,
			);
			path = Controller;
			sourceTree = "<group>";
		};
		63E20ACF2483DED400AE80A2 /* View */ = {
			isa = PBXGroup;
			children = (
				63E20AC02483DE4800AE80A2 /* Main.storyboard */,
			);
			path = View;
			sourceTree = "<group>";
		};
		63E20AD02483DEDC00AE80A2 /* Model */ = {
			isa = PBXGroup;
			children = (
				63E20AD12483DEFB00AE80A2 /* Whiskey.swift */,
			);
			path = Model;
			sourceTree = "<group>";
		};
/* End PBXGroup section */

/* Begin PBXNativeTarget section */
		63E20AB62483DE4800AE80A2 /* Whiskey */ = {
			isa = PBXNativeTarget;
			buildConfigurationList = 63E20ACB2483DE4900AE80A2 /* Build configuration list for PBXNativeTarget "Whiskey" */;
			buildPhases = (
				63E20AB32483DE4800AE80A2 /* Sources */,
				63E20AB42483DE4800AE80A2 /* Frameworks */,
				63E20AB52483DE4800AE80A2 /* Resources */,
			);
			buildRules = (
			);
			dependencies = (
			);
			name = Whiskey;
			productName = Whiskey;
			productReference = 63E20AB72483DE4800AE80A2 /* Whiskey.app */;
			productType = "com.apple.product-type.application";
		};
/* End PBXNativeTarget section */

/* Begin PBXProject section */
		63E20AAF2483DE4800AE80A2 /* Project object */ = {
			isa = PBXProject;
			attributes = {
				LastSwiftUpdateCheck = 1150;
				LastUpgradeCheck = 1150;
				ORGANIZATIONNAME = "Didier Delhaisse";
				TargetAttributes = {
					63E20AB62483DE4800AE80A2 = {
						CreatedOnToolsVersion = 11.5;
					};
				};
			};
			buildConfigurationList = 63E20AB22483DE4800AE80A2 /* Build configuration list for PBXProject "Whiskey" */;
			compatibilityVersion = "Xcode 9.3";
			developmentRegion = en;
			hasScannedForEncodings = 0;
			knownRegions = (
				en,
				Base,
			);
			mainGroup = 63E20AAE2483DE4800AE80A2;
			productRefGroup = 63E20AB82483DE4800AE80A2 /* Products */;
			projectDirPath = "";
			projectRoot = "";
			targets = (
				63E20AB62483DE4800AE80A2 /* Whiskey */,
			);
		};
/* End PBXProject section */

/* Begin PBXResourcesBuildPhase section */
		63E20AB52483DE4800AE80A2 /* Resources */ = {
			isa = PBXResourcesBuildPhase;
			buildActionMask = 2147483647;
			files = (
				63E20AC72483DE4900AE80A2 /* LaunchScreen.storyboard in Resources */,
				63E20AC42483DE4900AE80A2 /* Assets.xcassets in Resources */,
				63E20AC22483DE4800AE80A2 /* Main.storyboard in Resources */,
				632FFF6A2483F84B001C8B15 /* screenshot.png in Resources */,
			);
			runOnlyForDeploymentPostprocessing = 0;
		};
/* End PBXResourcesBuildPhase section */

/* Begin PBXSourcesBuildPhase section */
		63E20AB32483DE4800AE80A2 /* Sources */ = {
			isa = PBXSourcesBuildPhase;
			buildActionMask = 2147483647;
			files = (
				63E20AD22483DEFB00AE80A2 /* Whiskey.swift in Sources */,
				63E20ABF2483DE4800AE80A2 /* ViewController.swift in Sources */,
				63E20ABB2483DE4800AE80A2 /* AppDelegate.swift in Sources */,
				63E20ABD2483DE4800AE80A2 /* SceneDelegate.swift in Sources */,
			);
			runOnlyForDeploymentPostprocessing = 0;
		};
/* End PBXSourcesBuildPhase section */

/* Begin PBXVariantGroup section */
		63E20AC02483DE4800AE80A2 /* Main.storyboard */ = {
			isa = PBXVariantGroup;
			children = (
				63E20AC12483DE4800AE80A2 /* Base */,
			);
			name = Main.storyboard;
			sourceTree = "<group>";
		};
		63E20AC52483DE4900AE80A2 /* LaunchScreen.storyboard */ = {
			isa = PBXVariantGroup;
			children = (
				63E20AC62483DE4900AE80A2 /* Base */,
			);
			name = LaunchScreen.storyboard;
			sourceTree = "<group>";
		};
/* End PBXVariantGroup section */

/* Begin XCBuildConfiguration section */
		63E20AC92483DE4900AE80A2 /* Debug */ = {
			isa = XCBuildConfiguration;
			buildSettings = {
				ALWAYS_SEARCH_USER_PATHS = NO;
				CLANG_ANALYZER_NONNULL = YES;
				CLANG_ANALYZER_NUMBER_OBJECT_CONVERSION = YES_AGGRESSIVE;
				CLANG_CXX_LANGUAGE_STANDARD = "gnu++14";
				CLANG_CXX_LIBRARY = "libc++";
				CLANG_ENABLE_MODULES = YES;
				CLANG_ENABLE_OBJC_ARC = YES;
				CLANG_ENABLE_OBJC_WEAK = YES;
				CLANG_WARN_BLOCK_CAPTURE_AUTORELEASING = YES;
				CLANG_WARN_BOOL_CONVERSION = YES;
				CLANG_WARN_COMMA = YES;
				CLANG_WARN_CONSTANT_CONVERSION = YES;
				CLANG_WARN_DEPRECATED_OBJC_IMPLEMENTATIONS = YES;
				CLANG_WARN_DIRECT_OBJC_ISA_USAGE = YES_ERROR;
				CLANG_WARN_DOCUMENTATION_COMMENTS = YES;
				CLANG_WARN_EMPTY_BODY = YES;
				CLANG_WARN_ENUM_CONVERSION = YES;
				CLANG_WARN_INFINITE_RECURSION = YES;
				CLANG_WARN_INT_CONVERSION = YES;
				CLANG_WARN_NON_LITERAL_NULL_CONVERSION = YES;
				CLANG_WARN_OBJC_IMPLICIT_RETAIN_SELF = YES;
				CLANG_WARN_OBJC_LITERAL_CONVERSION = YES;
				CLANG_WARN_OBJC_ROOT_CLASS = YES_ERROR;
				CLANG_WARN_RANGE_LOOP_ANALYSIS = YES;
				CLANG_WARN_STRICT_PROTOTYPES = YES;
				CLANG_WARN_SUSPICIOUS_MOVE = YES;
				CLANG_WARN_UNGUARDED_AVAILABILITY = YES_AGGRESSIVE;
				CLANG_WARN_UNREACHABLE_CODE = YES;
				CLANG_WARN__DUPLICATE_METHOD_MATCH = YES;
				COPY_PHASE_STRIP = NO;
				DEBUG_INFORMATION_FORMAT = dwarf;
				ENABLE_STRICT_OBJC_MSGSEND = YES;
				ENABLE_TESTABILITY = YES;
				GCC_C_LANGUAGE_STANDARD = gnu11;
				GCC_DYNAMIC_NO_PIC = NO;
				GCC_NO_COMMON_BLOCKS = YES;
				GCC_OPTIMIZATION_LEVEL = 0;
				GCC_PREPROCESSOR_DEFINITIONS = (
					"DEBUG=1",
					"$(inherited)",
				);
				GCC_WARN_64_TO_32_BIT_CONVERSION = YES;
				GCC_WARN_ABOUT_RETURN_TYPE = YES_ERROR;
				GCC_WARN_UNDECLARED_SELECTOR = YES;
				GCC_WARN_UNINITIALIZED_AUTOS = YES_AGGRESSIVE;
				GCC_WARN_UNUSED_FUNCTION = YES;
				GCC_WARN_UNUSED_VARIABLE = YES;
				IPHONEOS_DEPLOYMENT_TARGET = 12.4;
				MTL_ENABLE_DEBUG_INFO = INCLUDE_SOURCE;
				MTL_FAST_MATH = YES;
				ONLY_ACTIVE_ARCH = YES;
				SDKROOT = iphoneos;
				SWIFT_ACTIVE_COMPILATION_CONDITIONS = DEBUG;
				SWIFT_OPTIMIZATION_LEVEL = "-Onone";
			};
			name = Debug;
		};
		63E20ACA2483DE4900AE80A2 /* Release */ = {
			isa = XCBuildConfiguration;
			buildSettings = {
				ALWAYS_SEARCH_USER_PATHS = NO;
				CLANG_ANALYZER_NONNULL = YES;
				CLANG_ANALYZER_NUMBER_OBJECT_CONVERSION = YES_AGGRESSIVE;
				CLANG_CXX_LANGUAGE_STANDARD = "gnu++14";
				CLANG_CXX_LIBRARY = "libc++";
				CLANG_ENABLE_MODULES = YES;
				CLANG_ENABLE_OBJC_ARC = YES;
				CLANG_ENABLE_OBJC_WEAK = YES;
				CLANG_WARN_BLOCK_CAPTURE_AUTORELEASING = YES;
				CLANG_WARN_BOOL_CONVERSION = YES;
				CLANG_WARN_COMMA = YES;
				CLANG_WARN_CONSTANT_CONVERSION = YES;
				CLANG_WARN_DEPRECATED_OBJC_IMPLEMENTATIONS = YES;
				CLANG_WARN_DIRECT_OBJC_ISA_USAGE = YES_ERROR;
				CLANG_WARN_DOCUMENTATION_COMMENTS = YES;
				CLANG_WARN_EMPTY_BODY = YES;
				CLANG_WARN_ENUM_CONVERSION = YES;
				CLANG_WARN_INFINITE_RECURSION = YES;
				CLANG_WARN_INT_CONVERSION = YES;
				CLANG_WARN_NON_LITERAL_NULL_CONVERSION = YES;
				CLANG_WARN_OBJC_IMPLICIT_RETAIN_SELF = YES;
				CLANG_WARN_OBJC_LITERAL_CONVERSION = YES;
				CLANG_WARN_OBJC_ROOT_CLASS = YES_ERROR;
				CLANG_WARN_RANGE_LOOP_ANALYSIS = YES;
				CLANG_WARN_STRICT_PROTOTYPES = YES;
				CLANG_WARN_SUSPICIOUS_MOVE = YES;
				CLANG_WARN_UNGUARDED_AVAILABILITY = YES_AGGRESSIVE;
				CLANG_WARN_UNREACHABLE_CODE = YES;
				CLANG_WARN__DUPLICATE_METHOD_MATCH = YES;
				COPY_PHASE_STRIP = NO;
				DEBUG_INFORMATION_FORMAT = "dwarf-with-dsym";
				ENABLE_NS_ASSERTIONS = NO;
				ENABLE_STRICT_OBJC_MSGSEND = YES;
				GCC_C_LANGUAGE_STANDARD = gnu11;
				GCC_NO_COMMON_BLOCKS = YES;
				GCC_WARN_64_TO_32_BIT_CONVERSION = YES;
				GCC_WARN_ABOUT_RETURN_TYPE = YES_ERROR;
				GCC_WARN_UNDECLARED_SELECTOR = YES;
				GCC_WARN_UNINITIALIZED_AUTOS = YES_AGGRESSIVE;
				GCC_WARN_UNUSED_FUNCTION = YES;
				GCC_WARN_UNUSED_VARIABLE = YES;
				IPHONEOS_DEPLOYMENT_TARGET = 12.4;
				MTL_ENABLE_DEBUG_INFO = NO;
				MTL_FAST_MATH = YES;
				SDKROOT = iphoneos;
				SWIFT_COMPILATION_MODE = wholemodule;
				SWIFT_OPTIMIZATION_LEVEL = "-O";
				VALIDATE_PRODUCT = YES;
			};
			name = Release;
		};
		63E20ACC2483DE4900AE80A2 /* Debug */ = {
			isa = XCBuildConfiguration;
			buildSettings = {
				ASSETCATALOG_COMPILER_APPICON_NAME = AppIcon;
				CODE_SIGN_STYLE = Manual;
				DEVELOPMENT_TEAM = "";
				INFOPLIST_FILE = Whiskey/Info.plist;
				LD_RUNPATH_SEARCH_PATHS = (
					"$(inherited)",
					"@executable_path/Frameworks",
				);
				PRODUCT_NAME = "$(TARGET_NAME)";
				PROVISIONING_PROFILE_SPECIFIER = "";
				SWIFT_VERSION = 5.0;
				TARGETED_DEVICE_FAMILY = "1,2";
			};
			name = Debug;
		};
		63E20ACD2483DE4900AE80A2 /* Release */ = {
			isa = XCBuildConfiguration;
			buildSettings = {
				ASSETCATALOG_COMPILER_APPICON_NAME = AppIcon;
				CODE_SIGN_STYLE = Manual;
				DEVELOPMENT_TEAM = "";
				INFOPLIST_FILE = Whiskey/Info.plist;
				LD_RUNPATH_SEARCH_PATHS = (
					"$(inherited)",
					"@executable_path/Frameworks",
				);
				PRODUCT_NAME = "$(TARGET_NAME)";
				PROVISIONING_PROFILE_SPECIFIER = "";
				SWIFT_VERSION = 5.0;
				TARGETED_DEVICE_FAMILY = "1,2";
			};
			name = Release;
		};
/* End XCBuildConfiguration section */

/* Begin XCConfigurationList section */
		63E20AB22483DE4800AE80A2 /* Build configuration list for PBXProject "Whiskey" */ = {
			isa = XCConfigurationList;
			buildConfigurations = (
				63E20AC92483DE4900AE80A2 /* Debug */,
				63E20ACA2483DE4900AE80A2 /* Release */,
			);
			defaultConfigurationIsVisible = 0;
			defaultConfigurationName = Release;
		};
		63E20ACB2483DE4900AE80A2 /* Build configuration list for PBXNativeTarget "Whiskey" */ = {
			isa = XCConfigurationList;
			buildConfigurations = (
				63E20ACC2483DE4900AE80A2 /* Debug */,
				63E20ACD2483DE4900AE80A2 /* Release */,
			);
			defaultConfigurationIsVisible = 0;
			defaultConfigurationName = Release;
		};
/* End XCConfigurationList section */
	};
	rootObject = 63E20AAF2483DE4800AE80A2 /* Project object */;
}
